
Microsoft Visual Studio Solution File, Format Version 12.00
# Visual Studio Version 17
VisualStudioVersion = 17.3.32929.385
MinimumVisualStudioVersion = 10.0.40219.1
Project("{FAE04EC0-301F-11D3-BF4B-00C04F79EFBC}") = "CLIENT", "CLIENT.csproj", "{2D96623C-1E2C-4160-BD01-FFA468C2DB52}"
EndProject
Global
	GlobalSection(SolutionConfigurationPlatforms) = preSolution
		Debug|Any CPU = Debug|Any CPU
		Release|Any CPU = Release|Any CPU
	EndGlobalSection
	GlobalSection(ProjectConfigurationPlatforms) = postSolution
		{2D96623C-1E2C-4160-BD01-FFA468C2DB52}.Debug|Any CPU.ActiveCfg = Debug|Any CPU
		{2D96623C-1E2C-4160-BD01-FFA468C2DB52}.Debug|Any CPU.Build.0 = Debug|Any CPU
		{2D96623C-1E2C-4160-BD01-FFA468C2DB52}.Release|Any CPU.ActiveCfg = Release|Any CPU
		{2D96623C-1E2C-4160-BD01-FFA468C2DB52}.Release|Any CPU.Build.0 = Release|Any CPU
	EndGlobalSection
	GlobalSection(SolutionProperties) = preSolution
		HideSolutionNode = FALSE
	EndGlobalSection
	GlobalSection(ExtensibilityGlobals) = postSolution
		SolutionGuid = {AD1F86A8-9AFF-4A2B-B6FD-E7A2B1CE48D9}
	EndGlobalSection
EndGlobal
